// !$*UTF8*$!
{
	archiveVersion = 1;
	classes = {
	};
	objectVersion = 46;
	objects = {

/* Begin PBXBuildFile section */
		558364FE2020BDEA0035DF19 /* libturbojpeg-dynamic.dylib in Frameworks */ = {isa = PBXBuildFile; fileRef = 94C58EA3201A37420025AD4A /* libturbojpeg-dynamic.dylib */; };
		558365002020C11D0035DF19 /* libusb-1.0.0.dylib in Frameworks */ = {isa = PBXBuildFile; fileRef = 941AE6091F53620D00073D32 /* libusb-1.0.0.dylib */; };
		558365012020C1220035DF19 /* libturbojpeg-dynamic.dylib in Frameworks */ = {isa = PBXBuildFile; fileRef = 94C58EA3201A37420025AD4A /* libturbojpeg-dynamic.dylib */; };
		558365102021D7E30035DF19 /* libglfw.3.2.dylib in CopyFiles */ = {isa = PBXBuildFile; fileRef = 9498E8BF1F8E536E00D4E7B6 /* libglfw.3.2.dylib */; settings = {ATTRIBUTES = (CodeSignOnCopy, ); }; };
		558365112021D7E30035DF19 /* libusb-1.0.0.dylib in CopyFiles */ = {isa = PBXBuildFile; fileRef = 941AE6091F53620D00073D32 /* libusb-1.0.0.dylib */; settings = {ATTRIBUTES = (CodeSignOnCopy, ); }; };
		558365122021D7E30035DF19 /* libturbojpeg-dynamic.dylib in CopyFiles */ = {isa = PBXBuildFile; fileRef = 94C58EA3201A37420025AD4A /* libturbojpeg-dynamic.dylib */; settings = {ATTRIBUTES = (CodeSignOnCopy, ); }; };
		943FF042202772140086D707 /* Freenect2Device.cpp in Sources */ = {isa = PBXBuildFile; fileRef = 943FF040202772140086D707 /* Freenect2Device.cpp */; };
		943FF045202776AD0086D707 /* Freenect2.cpp in Sources */ = {isa = PBXBuildFile; fileRef = 943FF043202776AD0086D707 /* Freenect2.cpp */; };
		943FF04720278AC90086D707 /* opencl_depth_packet_processor.cpp in Sources */ = {isa = PBXBuildFile; fileRef = 943FF04620278AC90086D707 /* opencl_depth_packet_processor.cpp */; };
		943FF04D2027938E0086D707 /* OpenCL.framework in Frameworks */ = {isa = PBXBuildFile; fileRef = 943FF04C2027938E0086D707 /* OpenCL.framework */; };
		943FF04E202793FC0086D707 /* opencl_depth_packet_processor_resources.h in Sources */ = {isa = PBXBuildFile; fileRef = 943FF04A20278DC30086D707 /* opencl_depth_packet_processor_resources.h */; };
		9460144B1F8D2331008F88C6 /* protonect.cpp in Sources */ = {isa = PBXBuildFile; fileRef = 9460143C1F8D22F6008F88C6 /* protonect.cpp */; };
		9460144D1F8D2337008F88C6 /* libFreenect2.dylib in Frameworks */ = {isa = PBXBuildFile; fileRef = 949708421F52E04A00BC9C22 /* libFreenect2.dylib */; };
		9498E8B81F8E4BE300D4E7B6 /* viewer.cpp in Sources */ = {isa = PBXBuildFile; fileRef = 9498E8B71F8E4BE300D4E7B6 /* viewer.cpp */; };
		9498E8BB1F8E522800D4E7B6 /* flextGL.cpp in Sources */ = {isa = PBXBuildFile; fileRef = 9498E8B91F8E522800D4E7B6 /* flextGL.cpp */; };
		9498E8C01F8E536E00D4E7B6 /* libglfw.3.2.dylib in Frameworks */ = {isa = PBXBuildFile; fileRef = 9498E8BF1F8E536E00D4E7B6 /* libglfw.3.2.dylib */; };
		9498E8C21F8E53ED00D4E7B6 /* OpenGL.framework in Frameworks */ = {isa = PBXBuildFile; fileRef = 9498E8C11F8E53ED00D4E7B6 /* OpenGL.framework */; };
		94B8A64C1F52E13F008CBD18 /* allocator.cpp in Sources */ = {isa = PBXBuildFile; fileRef = 94B8A61A1F52E13F008CBD18 /* allocator.cpp */; };
		94B8A64F1F52E13F008CBD18 /* command_transaction.cpp in Sources */ = {isa = PBXBuildFile; fileRef = 94B8A61D1F52E13F008CBD18 /* command_transaction.cpp */; };
		94B8A6511F52E13F008CBD18 /* cpu_depth_packet_processor.cpp in Sources */ = {isa = PBXBuildFile; fileRef = 94B8A61F1F52E13F008CBD18 /* cpu_depth_packet_processor.cpp */; };
		94B8A6531F52E13F008CBD18 /* depth_packet_processor.cpp in Sources */ = {isa = PBXBuildFile; fileRef = 94B8A6231F52E13F008CBD18 /* depth_packet_processor.cpp */; };
		94B8A6551F52E13F008CBD18 /* depth_packet_stream_parser.cpp in Sources */ = {isa = PBXBuildFile; fileRef = 94B8A6251F52E13F008CBD18 /* depth_packet_stream_parser.cpp */; };
		94B8A6571F52E13F008CBD18 /* EventLoop.cpp in Sources */ = {isa = PBXBuildFile; fileRef = 94B8A6271F52E13F008CBD18 /* EventLoop.cpp */; };
		94B8A65B1F52E13F008CBD18 /* frame_listener_impl.cpp in Sources */ = {isa = PBXBuildFile; fileRef = 94B8A62B1F52E13F008CBD18 /* frame_listener_impl.cpp */; };
		94B8A65D1F52E13F008CBD18 /* logging.cpp in Sources */ = {isa = PBXBuildFile; fileRef = 94B8A62D1F52E13F008CBD18 /* logging.cpp */; };
		94B8A6641F52E13F008CBD18 /* packet_pipeline.cpp in Sources */ = {isa = PBXBuildFile; fileRef = 94B8A6341F52E13F008CBD18 /* packet_pipeline.cpp */; };
		94B8A66A1F52E13F008CBD18 /* registration.cpp in Sources */ = {isa = PBXBuildFile; fileRef = 94B8A63B1F52E13F008CBD18 /* registration.cpp */; };
		94B8A66D1F52E13F008CBD18 /* rgb_packet_processor.cpp in Sources */ = {isa = PBXBuildFile; fileRef = 94B8A63E1F52E13F008CBD18 /* rgb_packet_processor.cpp */; };
		94B8A66F1F52E13F008CBD18 /* rgb_packet_stream_parser.cpp in Sources */ = {isa = PBXBuildFile; fileRef = 94B8A6401F52E13F008CBD18 /* rgb_packet_stream_parser.cpp */; };
		94B8A6731F52E13F008CBD18 /* TransferPool.cpp in Sources */ = {isa = PBXBuildFile; fileRef = 94B8A6441F52E13F008CBD18 /* TransferPool.cpp */; };
		94B8A6771F52E13F008CBD18 /* usb_control.cpp in Sources */ = {isa = PBXBuildFile; fileRef = 94B8A6491F52E13F008CBD18 /* usb_control.cpp */; };
		94C58E9D201A36930025AD4A /* turbo_jpeg_rgb_packet_processor.cpp in Sources */ = {isa = PBXBuildFile; fileRef = 94B8A6451F52E13F008CBD18 /* turbo_jpeg_rgb_packet_processor.cpp */; };
/* End PBXBuildFile section */

/* Begin PBXContainerItemProxy section */
		946014491F8D232A008F88C6 /* PBXContainerItemProxy */ = {
			isa = PBXContainerItemProxy;
			containerPortal = 9497083A1F52E04A00BC9C22 /* Project object */;
			proxyType = 1;
			remoteGlobalIDString = 949708411F52E04A00BC9C22;
			remoteInfo = libfreenect2;
		};
/* End PBXContainerItemProxy section */

/* Begin PBXCopyFilesBuildPhase section */
		5583650F2021D7D60035DF19 /* CopyFiles */ = {
			isa = PBXCopyFilesBuildPhase;
			buildActionMask = 2147483647;
			dstPath = "";
			dstSubfolderSpec = 16;
			files = (
				558365102021D7E30035DF19 /* libglfw.3.2.dylib in CopyFiles */,
				558365112021D7E30035DF19 /* libusb-1.0.0.dylib in CopyFiles */,
				558365122021D7E30035DF19 /* libturbojpeg-dynamic.dylib in CopyFiles */,
			);
			runOnlyForDeploymentPostprocessing = 0;
		};
/* End PBXCopyFilesBuildPhase section */

/* Begin PBXFileReference section */
		94147CAB20221C73001D9E4F /* Object.h */ = {isa = PBXFileReference; fileEncoding = 4; lastKnownFileType = sourcecode.c.h; path = Object.h; sourceTree = "<group>"; };
		94147CAC20221C73001D9E4F /* Collection.h */ = {isa = PBXFileReference; fileEncoding = 4; lastKnownFileType = sourcecode.c.h; path = Collection.h; sourceTree = "<group>"; };
		941AE6031F535DEB00073D32 /* registration.h */ = {isa = PBXFileReference; fileEncoding = 4; lastKnownFileType = sourcecode.c.h; path = registration.h; sourceTree = "<group>"; };
		941AE6091F53620D00073D32 /* libusb-1.0.0.dylib */ = {isa = PBXFileReference; lastKnownFileType = "compiled.mach-o.dylib"; path = "libusb-1.0.0.dylib"; sourceTree = "<group>"; };
		941AE60A1F53620D00073D32 /* libusb.h */ = {isa = PBXFileReference; fileEncoding = 4; lastKnownFileType = sourcecode.c.h; path = libusb.h; sourceTree = "<group>"; };
		941AE62E1F53620D00073D32 /* turbojpeg.h */ = {isa = PBXFileReference; fileEncoding = 4; lastKnownFileType = sourcecode.c.h; path = turbojpeg.h; sourceTree = "<group>"; };
		943FF040202772140086D707 /* Freenect2Device.cpp */ = {isa = PBXFileReference; lastKnownFileType = sourcecode.cpp.cpp; path = Freenect2Device.cpp; sourceTree = "<group>"; };
		943FF041202772140086D707 /* Freenect2Device.h */ = {isa = PBXFileReference; lastKnownFileType = sourcecode.c.h; path = Freenect2Device.h; sourceTree = "<group>"; };
		943FF043202776AD0086D707 /* Freenect2.cpp */ = {isa = PBXFileReference; lastKnownFileType = sourcecode.cpp.cpp; path = Freenect2.cpp; sourceTree = "<group>"; };
		943FF044202776AD0086D707 /* Freenect2.h */ = {isa = PBXFileReference; lastKnownFileType = sourcecode.c.h; path = Freenect2.h; sourceTree = "<group>"; };
		943FF04620278AC90086D707 /* opencl_depth_packet_processor.cpp */ = {isa = PBXFileReference; fileEncoding = 4; lastKnownFileType = sourcecode.cpp.cpp; path = opencl_depth_packet_processor.cpp; sourceTree = "<group>"; };
		943FF04920278C210086D707 /* cl.hpp */ = {isa = PBXFileReference; fileEncoding = 4; lastKnownFileType = sourcecode.cpp.h; path = cl.hpp; sourceTree = "<group>"; };
		943FF04A20278DC30086D707 /* opencl_depth_packet_processor_resources.h */ = {isa = PBXFileReference; fileEncoding = 4; lastKnownFileType = sourcecode.c.h; path = opencl_depth_packet_processor_resources.h; sourceTree = "<group>"; };
		943FF04C2027938E0086D707 /* OpenCL.framework */ = {isa = PBXFileReference; lastKnownFileType = wrapper.framework; name = OpenCL.framework; path = System/Library/Frameworks/OpenCL.framework; sourceTree = SDKROOT; };
		9460143C1F8D22F6008F88C6 /* protonect.cpp */ = {isa = PBXFileReference; fileEncoding = 4; lastKnownFileType = sourcecode.cpp.cpp; path = protonect.cpp; sourceTree = "<group>"; };
		946014421F8D231E008F88C6 /* protonect */ = {isa = PBXFileReference; explicitFileType = "compiled.mach-o.executable"; includeInIndex = 0; path = protonect; sourceTree = BUILT_PRODUCTS_DIR; };
		949708421F52E04A00BC9C22 /* libFreenect2.dylib */ = {isa = PBXFileReference; explicitFileType = "compiled.mach-o.dylib"; includeInIndex = 0; path = libFreenect2.dylib; sourceTree = BUILT_PRODUCTS_DIR; };
		9498E8B61F8E4BE300D4E7B6 /* viewer.h */ = {isa = PBXFileReference; fileEncoding = 4; lastKnownFileType = sourcecode.c.h; path = viewer.h; sourceTree = "<group>"; };
		9498E8B71F8E4BE300D4E7B6 /* viewer.cpp */ = {isa = PBXFileReference; fileEncoding = 4; lastKnownFileType = sourcecode.cpp.cpp; path = viewer.cpp; sourceTree = "<group>"; };
		9498E8B91F8E522800D4E7B6 /* flextGL.cpp */ = {isa = PBXFileReference; fileEncoding = 4; lastKnownFileType = sourcecode.cpp.cpp; path = flextGL.cpp; sourceTree = "<group>"; };
		9498E8BA1F8E522800D4E7B6 /* flextGL.h */ = {isa = PBXFileReference; fileEncoding = 4; lastKnownFileType = sourcecode.c.h; path = flextGL.h; sourceTree = "<group>"; };
		9498E8BD1F8E536E00D4E7B6 /* glfw3.h */ = {isa = PBXFileReference; fileEncoding = 4; lastKnownFileType = sourcecode.c.h; path = glfw3.h; sourceTree = "<group>"; };
		9498E8BE1F8E536E00D4E7B6 /* glfw3native.h */ = {isa = PBXFileReference; fileEncoding = 4; lastKnownFileType = sourcecode.c.h; path = glfw3native.h; sourceTree = "<group>"; };
		9498E8BF1F8E536E00D4E7B6 /* libglfw.3.2.dylib */ = {isa = PBXFileReference; lastKnownFileType = "compiled.mach-o.dylib"; path = libglfw.3.2.dylib; sourceTree = "<group>"; };
		9498E8C11F8E53ED00D4E7B6 /* OpenGL.framework */ = {isa = PBXFileReference; lastKnownFileType = wrapper.framework; name = OpenGL.framework; path = System/Library/Frameworks/OpenGL.framework; sourceTree = SDKROOT; };
		9498E8C81F8FA9CC00D4E7B6 /* libfreenect2.h */ = {isa = PBXFileReference; fileEncoding = 4; lastKnownFileType = sourcecode.c.h; path = libfreenect2.h; sourceTree = "<group>"; };
		94B8A6181F52E083008CBD18 /* Freenect2.xcconfig */ = {isa = PBXFileReference; fileEncoding = 4; lastKnownFileType = text.xcconfig; path = Freenect2.xcconfig; sourceTree = "<group>"; };
		94B8A61A1F52E13F008CBD18 /* allocator.cpp */ = {isa = PBXFileReference; fileEncoding = 4; lastKnownFileType = sourcecode.cpp.cpp; path = allocator.cpp; sourceTree = "<group>"; };
		94B8A61B1F52E13F008CBD18 /* allocator.h */ = {isa = PBXFileReference; fileEncoding = 4; lastKnownFileType = sourcecode.c.h; path = allocator.h; sourceTree = "<group>"; };
		94B8A61C1F52E13F008CBD18 /* async_packet_processor.h */ = {isa = PBXFileReference; fileEncoding = 4; lastKnownFileType = sourcecode.c.h; path = async_packet_processor.h; sourceTree = "<group>"; };
		94B8A61D1F52E13F008CBD18 /* command_transaction.cpp */ = {isa = PBXFileReference; fileEncoding = 4; lastKnownFileType = sourcecode.cpp.cpp; path = command_transaction.cpp; sourceTree = "<group>"; };
		94B8A61F1F52E13F008CBD18 /* cpu_depth_packet_processor.cpp */ = {isa = PBXFileReference; fileEncoding = 4; lastKnownFileType = sourcecode.cpp.cpp; path = cpu_depth_packet_processor.cpp; sourceTree = "<group>"; };
		94B8A6221F52E13F008CBD18 /* DataCallback.h */ = {isa = PBXFileReference; fileEncoding = 4; lastKnownFileType = sourcecode.c.h; path = DataCallback.h; sourceTree = "<group>"; };
		94B8A6231F52E13F008CBD18 /* depth_packet_processor.cpp */ = {isa = PBXFileReference; fileEncoding = 4; lastKnownFileType = sourcecode.cpp.cpp; path = depth_packet_processor.cpp; sourceTree = "<group>"; };
		94B8A6241F52E13F008CBD18 /* depth_packet_processor.h */ = {isa = PBXFileReference; fileEncoding = 4; lastKnownFileType = sourcecode.c.h; path = depth_packet_processor.h; sourceTree = "<group>"; };
		94B8A6251F52E13F008CBD18 /* depth_packet_stream_parser.cpp */ = {isa = PBXFileReference; fileEncoding = 4; lastKnownFileType = sourcecode.cpp.cpp; path = depth_packet_stream_parser.cpp; sourceTree = "<group>"; };
		94B8A6261F52E13F008CBD18 /* depth_packet_stream_parser.h */ = {isa = PBXFileReference; fileEncoding = 4; lastKnownFileType = sourcecode.c.h; path = depth_packet_stream_parser.h; sourceTree = "<group>"; };
		94B8A6271F52E13F008CBD18 /* EventLoop.cpp */ = {isa = PBXFileReference; fileEncoding = 4; lastKnownFileType = sourcecode.cpp.cpp; path = EventLoop.cpp; sourceTree = "<group>"; };
		94B8A62B1F52E13F008CBD18 /* frame_listener_impl.cpp */ = {isa = PBXFileReference; fileEncoding = 4; lastKnownFileType = sourcecode.cpp.cpp; path = frame_listener_impl.cpp; sourceTree = "<group>"; };
		94B8A62D1F52E13F008CBD18 /* logging.cpp */ = {isa = PBXFileReference; fileEncoding = 4; lastKnownFileType = sourcecode.cpp.cpp; path = logging.cpp; sourceTree = "<group>"; };
		94B8A62E1F52E13F008CBD18 /* logging.h */ = {isa = PBXFileReference; fileEncoding = 4; lastKnownFileType = sourcecode.c.h; path = logging.h; sourceTree = "<group>"; };
		94B8A6341F52E13F008CBD18 /* packet_pipeline.cpp */ = {isa = PBXFileReference; fileEncoding = 4; lastKnownFileType = sourcecode.cpp.cpp; path = packet_pipeline.cpp; sourceTree = "<group>"; };
		94B8A6351F52E13F008CBD18 /* packet_processor.h */ = {isa = PBXFileReference; fileEncoding = 4; lastKnownFileType = sourcecode.c.h; path = packet_processor.h; sourceTree = "<group>"; };
		94B8A6371F52E13F008CBD18 /* command.h */ = {isa = PBXFileReference; fileEncoding = 4; lastKnownFileType = sourcecode.c.h; path = command.h; sourceTree = "<group>"; };
		94B8A6381F52E13F008CBD18 /* command_transaction.h */ = {isa = PBXFileReference; fileEncoding = 4; lastKnownFileType = sourcecode.c.h; path = command_transaction.h; sourceTree = "<group>"; };
		94B8A6391F52E13F008CBD18 /* response.h */ = {isa = PBXFileReference; fileEncoding = 4; lastKnownFileType = sourcecode.c.h; path = response.h; sourceTree = "<group>"; };
		94B8A63A1F52E13F008CBD18 /* usb_control.h */ = {isa = PBXFileReference; fileEncoding = 4; lastKnownFileType = sourcecode.c.h; path = usb_control.h; sourceTree = "<group>"; };
		94B8A63B1F52E13F008CBD18 /* registration.cpp */ = {isa = PBXFileReference; fileEncoding = 4; lastKnownFileType = sourcecode.cpp.cpp; path = registration.cpp; sourceTree = "<group>"; };
		94B8A63E1F52E13F008CBD18 /* rgb_packet_processor.cpp */ = {isa = PBXFileReference; fileEncoding = 4; lastKnownFileType = sourcecode.cpp.cpp; path = rgb_packet_processor.cpp; sourceTree = "<group>"; };
		94B8A63F1F52E13F008CBD18 /* rgb_packet_processor.h */ = {isa = PBXFileReference; fileEncoding = 4; lastKnownFileType = sourcecode.c.h; path = rgb_packet_processor.h; sourceTree = "<group>"; };
		94B8A6401F52E13F008CBD18 /* rgb_packet_stream_parser.cpp */ = {isa = PBXFileReference; fileEncoding = 4; lastKnownFileType = sourcecode.cpp.cpp; path = rgb_packet_stream_parser.cpp; sourceTree = "<group>"; };
		94B8A6411F52E13F008CBD18 /* rgb_packet_stream_parser.h */ = {isa = PBXFileReference; fileEncoding = 4; lastKnownFileType = sourcecode.c.h; path = rgb_packet_stream_parser.h; sourceTree = "<group>"; };
		94B8A6431F52E13F008CBD18 /* threading.h */ = {isa = PBXFileReference; fileEncoding = 4; lastKnownFileType = sourcecode.c.h; path = threading.h; sourceTree = "<group>"; };
		94B8A6441F52E13F008CBD18 /* TransferPool.cpp */ = {isa = PBXFileReference; fileEncoding = 4; lastKnownFileType = sourcecode.cpp.cpp; path = TransferPool.cpp; sourceTree = "<group>"; };
		94B8A6451F52E13F008CBD18 /* turbo_jpeg_rgb_packet_processor.cpp */ = {isa = PBXFileReference; fileEncoding = 4; lastKnownFileType = sourcecode.cpp.cpp; path = turbo_jpeg_rgb_packet_processor.cpp; sourceTree = "<group>"; };
		94B8A6471F52E13F008CBD18 /* EventLoop.h */ = {isa = PBXFileReference; fileEncoding = 4; lastKnownFileType = sourcecode.c.h; path = EventLoop.h; sourceTree = "<group>"; };
		94B8A6481F52E13F008CBD18 /* TransferPool.h */ = {isa = PBXFileReference; fileEncoding = 4; lastKnownFileType = sourcecode.c.h; path = TransferPool.h; sourceTree = "<group>"; };
		94B8A6491F52E13F008CBD18 /* usb_control.cpp */ = {isa = PBXFileReference; fileEncoding = 4; lastKnownFileType = sourcecode.cpp.cpp; path = usb_control.cpp; sourceTree = "<group>"; };
		94B8A67D1F52E1DB008CBD18 /* frame_listener_impl.h */ = {isa = PBXFileReference; fileEncoding = 4; lastKnownFileType = sourcecode.c.h; path = frame_listener_impl.h; sourceTree = "<group>"; };
		94B8A67F1F52E215008CBD18 /* packet_pipeline.h */ = {isa = PBXFileReference; fileEncoding = 4; lastKnownFileType = sourcecode.c.h; path = packet_pipeline.h; sourceTree = "<group>"; };
		94C58EA3201A37420025AD4A /* libturbojpeg-dynamic.dylib */ = {isa = PBXFileReference; lastKnownFileType = "compiled.mach-o.dylib"; path = "libturbojpeg-dynamic.dylib"; sourceTree = "<group>"; };
/* End PBXFileReference section */

/* Begin PBXFrameworksBuildPhase section */
		9460143F1F8D231E008F88C6 /* Frameworks */ = {
			isa = PBXFrameworksBuildPhase;
			buildActionMask = 2147483647;
			files = (
				9498E8C21F8E53ED00D4E7B6 /* OpenGL.framework in Frameworks */,
				558364FE2020BDEA0035DF19 /* libturbojpeg-dynamic.dylib in Frameworks */,
				9460144D1F8D2337008F88C6 /* libFreenect2.dylib in Frameworks */,
				9498E8C01F8E536E00D4E7B6 /* libglfw.3.2.dylib in Frameworks */,
			);
			runOnlyForDeploymentPostprocessing = 0;
		};
		9497083F1F52E04A00BC9C22 /* Frameworks */ = {
			isa = PBXFrameworksBuildPhase;
			buildActionMask = 2147483647;
			files = (
				943FF04D2027938E0086D707 /* OpenCL.framework in Frameworks */,
				558365002020C11D0035DF19 /* libusb-1.0.0.dylib in Frameworks */,
				558365012020C1220035DF19 /* libturbojpeg-dynamic.dylib in Frameworks */,
			);
			runOnlyForDeploymentPostprocessing = 0;
		};
/* End PBXFrameworksBuildPhase section */

/* Begin PBXGroup section */
		941AE6051F53620D00073D32 /* external */ = {
			isa = PBXGroup;
			children = (
				9498E8BC1F8E536E00D4E7B6 /* glfw */,
				941AE6081F53620D00073D32 /* libusb */,
				941AE62D1F53620D00073D32 /* turbojpeg */,
			);
			path = external;
			sourceTree = "<group>";
		};
		941AE6081F53620D00073D32 /* libusb */ = {
			isa = PBXGroup;
			children = (
				941AE6091F53620D00073D32 /* libusb-1.0.0.dylib */,
				941AE60A1F53620D00073D32 /* libusb.h */,
			);
			path = libusb;
			sourceTree = "<group>";
		};
		941AE62D1F53620D00073D32 /* turbojpeg */ = {
			isa = PBXGroup;
			children = (
				94C58EA3201A37420025AD4A /* libturbojpeg-dynamic.dylib */,
				941AE62E1F53620D00073D32 /* turbojpeg.h */,
			);
			path = turbojpeg;
			sourceTree = "<group>";
		};
		9460143B1F8D22F6008F88C6 /* protonect */ = {
			isa = PBXGroup;
			children = (
				9498E8B91F8E522800D4E7B6 /* flextGL.cpp */,
				9498E8BA1F8E522800D4E7B6 /* flextGL.h */,
				9498E8B71F8E4BE300D4E7B6 /* viewer.cpp */,
				9498E8B61F8E4BE300D4E7B6 /* viewer.h */,
				9460143C1F8D22F6008F88C6 /* protonect.cpp */,
			);
			path = protonect;
			sourceTree = "<group>";
		};
		9460144C1F8D2337008F88C6 /* Frameworks */ = {
			isa = PBXGroup;
			children = (
				943FF04C2027938E0086D707 /* OpenCL.framework */,
				9498E8C11F8E53ED00D4E7B6 /* OpenGL.framework */,
			);
			name = Frameworks;
			sourceTree = "<group>";
		};
		949708391F52E04A00BC9C22 = {
			isa = PBXGroup;
			children = (
				9460143B1F8D22F6008F88C6 /* protonect */,
				9498E8C51F8FA9CC00D4E7B6 /* include */,
				94B8A6191F52E13F008CBD18 /* libfreenect2 */,
				94B8A6181F52E083008CBD18 /* Freenect2.xcconfig */,
				941AE6051F53620D00073D32 /* external */,
				949708431F52E04A00BC9C22 /* Products */,
				9460144C1F8D2337008F88C6 /* Frameworks */,
			);
			sourceTree = "<group>";
		};
		949708431F52E04A00BC9C22 /* Products */ = {
			isa = PBXGroup;
			children = (
				949708421F52E04A00BC9C22 /* libFreenect2.dylib */,
				946014421F8D231E008F88C6 /* protonect */,
			);
			name = Products;
			sourceTree = "<group>";
		};
		9498E8BC1F8E536E00D4E7B6 /* glfw */ = {
			isa = PBXGroup;
			children = (
				9498E8BD1F8E536E00D4E7B6 /* glfw3.h */,
				9498E8BE1F8E536E00D4E7B6 /* glfw3native.h */,
				9498E8BF1F8E536E00D4E7B6 /* libglfw.3.2.dylib */,
			);
			path = glfw;
			sourceTree = "<group>";
		};
		9498E8C51F8FA9CC00D4E7B6 /* include */ = {
			isa = PBXGroup;
			children = (
				9498E8C81F8FA9CC00D4E7B6 /* libfreenect2.h */,
				943FF04920278C210086D707 /* cl.hpp */,
			);
			path = include;
			sourceTree = "<group>";
		};
		94B8A6191F52E13F008CBD18 /* libfreenect2 */ = {
			isa = PBXGroup;
			children = (
				943FF043202776AD0086D707 /* Freenect2.cpp */,
				943FF044202776AD0086D707 /* Freenect2.h */,
				943FF040202772140086D707 /* Freenect2Device.cpp */,
				943FF041202772140086D707 /* Freenect2Device.h */,
				94B8A61A1F52E13F008CBD18 /* allocator.cpp */,
				94B8A61B1F52E13F008CBD18 /* allocator.h */,
				94B8A6351F52E13F008CBD18 /* packet_processor.h */,
				94B8A61C1F52E13F008CBD18 /* async_packet_processor.h */,
				94B8A6251F52E13F008CBD18 /* depth_packet_stream_parser.cpp */,
				94B8A6261F52E13F008CBD18 /* depth_packet_stream_parser.h */,
				94B8A6241F52E13F008CBD18 /* depth_packet_processor.h */,
				94B8A6231F52E13F008CBD18 /* depth_packet_processor.cpp */,
				94B8A61F1F52E13F008CBD18 /* cpu_depth_packet_processor.cpp */,
				943FF04620278AC90086D707 /* opencl_depth_packet_processor.cpp */,
				943FF04A20278DC30086D707 /* opencl_depth_packet_processor_resources.h */,
				94B8A6401F52E13F008CBD18 /* rgb_packet_stream_parser.cpp */,
				94B8A6411F52E13F008CBD18 /* rgb_packet_stream_parser.h */,
				94B8A63F1F52E13F008CBD18 /* rgb_packet_processor.h */,
				94B8A63E1F52E13F008CBD18 /* rgb_packet_processor.cpp */,
				94B8A6451F52E13F008CBD18 /* turbo_jpeg_rgb_packet_processor.cpp */,
				94B8A62B1F52E13F008CBD18 /* frame_listener_impl.cpp */,
				94B8A67D1F52E1DB008CBD18 /* frame_listener_impl.h */,
				94B8A62D1F52E13F008CBD18 /* logging.cpp */,
				94B8A62E1F52E13F008CBD18 /* logging.h */,
				94B8A6341F52E13F008CBD18 /* packet_pipeline.cpp */,
				94B8A67F1F52E215008CBD18 /* packet_pipeline.h */,
				94B8A6361F52E13F008CBD18 /* protocol */,
				94B8A63B1F52E13F008CBD18 /* registration.cpp */,
				941AE6031F535DEB00073D32 /* registration.h */,
				94B8A6431F52E13F008CBD18 /* threading.h */,
				94B8A6461F52E13F008CBD18 /* usb */,
			);
			path = libfreenect2;
			sourceTree = "<group>";
		};
		94B8A6361F52E13F008CBD18 /* protocol */ = {
			isa = PBXGroup;
			children = (
				94B8A6371F52E13F008CBD18 /* command.h */,
				94B8A61D1F52E13F008CBD18 /* command_transaction.cpp */,
				94B8A6381F52E13F008CBD18 /* command_transaction.h */,
				94B8A6391F52E13F008CBD18 /* response.h */,
				94B8A6491F52E13F008CBD18 /* usb_control.cpp */,
				94B8A63A1F52E13F008CBD18 /* usb_control.h */,
			);
			path = protocol;
			sourceTree = "<group>";
		};
		94B8A6461F52E13F008CBD18 /* usb */ = {
			isa = PBXGroup;
			children = (
				94147CAB20221C73001D9E4F /* Object.h */,
				94147CAC20221C73001D9E4F /* Collection.h */,
				94B8A6221F52E13F008CBD18 /* DataCallback.h */,
				94B8A6271F52E13F008CBD18 /* EventLoop.cpp */,
				94B8A6471F52E13F008CBD18 /* EventLoop.h */,
				94B8A6441F52E13F008CBD18 /* TransferPool.cpp */,
				94B8A6481F52E13F008CBD18 /* TransferPool.h */,
			);
			path = usb;
			sourceTree = "<group>";
		};
/* End PBXGroup section */

/* Begin PBXNativeTarget section */
		946014411F8D231E008F88C6 /* protonect */ = {
			isa = PBXNativeTarget;
			buildConfigurationList = 946014461F8D231E008F88C6 /* Build configuration list for PBXNativeTarget "protonect" */;
			buildPhases = (
				9460143E1F8D231E008F88C6 /* Sources */,
				9460143F1F8D231E008F88C6 /* Frameworks */,
			);
			buildRules = (
			);
			dependencies = (
				9460144A1F8D232A008F88C6 /* PBXTargetDependency */,
			);
			name = protonect;
			productName = protonect;
			productReference = 946014421F8D231E008F88C6 /* protonect */;
			productType = "com.apple.product-type.tool";
		};
		949708411F52E04A00BC9C22 /* Freenect2 */ = {
			isa = PBXNativeTarget;
			buildConfigurationList = 949708461F52E04A00BC9C22 /* Build configuration list for PBXNativeTarget "Freenect2" */;
			buildPhases = (
				9497083E1F52E04A00BC9C22 /* Sources */,
				9497083F1F52E04A00BC9C22 /* Frameworks */,
				5583650F2021D7D60035DF19 /* CopyFiles */,
			);
			buildRules = (
			);
			dependencies = (
			);
			name = Freenect2;
			productName = libfreenect2;
			productReference = 949708421F52E04A00BC9C22 /* libFreenect2.dylib */;
			productType = "com.apple.product-type.library.dynamic";
		};
/* End PBXNativeTarget section */

/* Begin PBXProject section */
		9497083A1F52E04A00BC9C22 /* Project object */ = {
			isa = PBXProject;
			attributes = {
				LastUpgradeCheck = 0830;
				ORGANIZATIONNAME = Aheyeu;
				TargetAttributes = {
					946014411F8D231E008F88C6 = {
						CreatedOnToolsVersion = 9.0;
						ProvisioningStyle = Automatic;
					};
					949708411F52E04A00BC9C22 = {
						CreatedOnToolsVersion = 8.3.3;
						ProvisioningStyle = Automatic;
					};
				};
			};
			buildConfigurationList = 9497083D1F52E04A00BC9C22 /* Build configuration list for PBXProject "Freenect2" */;
			compatibilityVersion = "Xcode 3.2";
			developmentRegion = English;
			hasScannedForEncodings = 0;
			knownRegions = (
				en,
			);
			mainGroup = 949708391F52E04A00BC9C22;
			productRefGroup = 949708431F52E04A00BC9C22 /* Products */;
			projectDirPath = "";
			projectRoot = "";
			targets = (
				949708411F52E04A00BC9C22 /* Freenect2 */,
				946014411F8D231E008F88C6 /* protonect */,
			);
		};
/* End PBXProject section */

/* Begin PBXSourcesBuildPhase section */
		9460143E1F8D231E008F88C6 /* Sources */ = {
			isa = PBXSourcesBuildPhase;
			buildActionMask = 2147483647;
			files = (
				9460144B1F8D2331008F88C6 /* protonect.cpp in Sources */,
				9498E8B81F8E4BE300D4E7B6 /* viewer.cpp in Sources */,
				9498E8BB1F8E522800D4E7B6 /* flextGL.cpp in Sources */,
			);
			runOnlyForDeploymentPostprocessing = 0;
		};
		9497083E1F52E04A00BC9C22 /* Sources */ = {
			isa = PBXSourcesBuildPhase;
			buildActionMask = 2147483647;
			files = (
				943FF045202776AD0086D707 /* Freenect2.cpp in Sources */,
				943FF04720278AC90086D707 /* opencl_depth_packet_processor.cpp in Sources */,
				94B8A6641F52E13F008CBD18 /* packet_pipeline.cpp in Sources */,
				94B8A64F1F52E13F008CBD18 /* command_transaction.cpp in Sources */,
				94B8A65B1F52E13F008CBD18 /* frame_listener_impl.cpp in Sources */,
				94B8A6731F52E13F008CBD18 /* TransferPool.cpp in Sources */,
				94B8A6511F52E13F008CBD18 /* cpu_depth_packet_processor.cpp in Sources */,
				943FF04E202793FC0086D707 /* opencl_depth_packet_processor_resources.h in Sources */,
				94B8A6531F52E13F008CBD18 /* depth_packet_processor.cpp in Sources */,
				94B8A6551F52E13F008CBD18 /* depth_packet_stream_parser.cpp in Sources */,
				94B8A66D1F52E13F008CBD18 /* rgb_packet_processor.cpp in Sources */,
				94B8A65D1F52E13F008CBD18 /* logging.cpp in Sources */,
				94B8A66A1F52E13F008CBD18 /* registration.cpp in Sources */,
				94B8A6771F52E13F008CBD18 /* usb_control.cpp in Sources */,
				943FF042202772140086D707 /* Freenect2Device.cpp in Sources */,
				94B8A6571F52E13F008CBD18 /* EventLoop.cpp in Sources */,
				94C58E9D201A36930025AD4A /* turbo_jpeg_rgb_packet_processor.cpp in Sources */,
				94B8A64C1F52E13F008CBD18 /* allocator.cpp in Sources */,
				94B8A66F1F52E13F008CBD18 /* rgb_packet_stream_parser.cpp in Sources */,
			);
			runOnlyForDeploymentPostprocessing = 0;
		};
/* End PBXSourcesBuildPhase section */

/* Begin PBXTargetDependency section */
		9460144A1F8D232A008F88C6 /* PBXTargetDependency */ = {
			isa = PBXTargetDependency;
			target = 949708411F52E04A00BC9C22 /* Freenect2 */;
			targetProxy = 946014491F8D232A008F88C6 /* PBXContainerItemProxy */;
		};
/* End PBXTargetDependency section */

/* Begin XCBuildConfiguration section */
		946014471F8D231E008F88C6 /* Debug */ = {
			isa = XCBuildConfiguration;
			buildSettings = {
				ALWAYS_SEARCH_USER_PATHS = NO;
				CLANG_CXX_LANGUAGE_STANDARD = "gnu++14";
				CLANG_ENABLE_MODULES = YES;
				CLANG_ENABLE_OBJC_ARC = YES;
				CLANG_WARN_BLOCK_CAPTURE_AUTORELEASING = YES;
				CLANG_WARN_BOOL_CONVERSION = YES;
				CLANG_WARN_COMMA = YES;
				CLANG_WARN_CONSTANT_CONVERSION = YES;
				CLANG_WARN_EMPTY_BODY = YES;
				CLANG_WARN_ENUM_CONVERSION = YES;
				CLANG_WARN_INT_CONVERSION = YES;
				CLANG_WARN_NON_LITERAL_NULL_CONVERSION = YES;
				CLANG_WARN_OBJC_LITERAL_CONVERSION = YES;
				CLANG_WARN_RANGE_LOOP_ANALYSIS = YES;
				CLANG_WARN_STRICT_PROTOTYPES = YES;
				CLANG_WARN_UNGUARDED_AVAILABILITY = YES_AGGRESSIVE;
				CLANG_WARN_UNREACHABLE_CODE = YES;
				CODE_SIGN_STYLE = Automatic;
				COPY_PHASE_STRIP = NO;
				DEBUG_INFORMATION_FORMAT = dwarf;
				ENABLE_TESTABILITY = YES;
				GCC_C_LANGUAGE_STANDARD = gnu11;
				GCC_DYNAMIC_NO_PIC = NO;
				GCC_NO_COMMON_BLOCKS = YES;
				GCC_OPTIMIZATION_LEVEL = 0;
				GCC_PREPROCESSOR_DEFINITIONS = (
					"DEBUG=1",
					"$(inherited)",
				);
				GCC_WARN_64_TO_32_BIT_CONVERSION = YES;
				GCC_WARN_ABOUT_RETURN_TYPE = YES_ERROR;
				GCC_WARN_UNINITIALIZED_AUTOS = YES_AGGRESSIVE;
				GCC_WARN_UNUSED_FUNCTION = YES;
				GCC_WARN_UNUSED_VARIABLE = YES;
				HEADER_SEARCH_PATHS = "$(PROJECT_DIR)";
				LIBRARY_SEARCH_PATHS = (
					"$(inherited)",
					"$(PROJECT_DIR)/external/glfw",
					"$(PROJECT_DIR)/external/turbojpeg",
				);
				MACOSX_DEPLOYMENT_TARGET = 10.12;
				ONLY_ACTIVE_ARCH = YES;
				PRODUCT_NAME = "$(TARGET_NAME)";
				SDKROOT = macosx;
			};
			name = Debug;
		};
		946014481F8D231E008F88C6 /* Release */ = {
			isa = XCBuildConfiguration;
			buildSettings = {
				ALWAYS_SEARCH_USER_PATHS = NO;
				CLANG_CXX_LANGUAGE_STANDARD = "gnu++14";
				CLANG_ENABLE_MODULES = YES;
				CLANG_ENABLE_OBJC_ARC = YES;
				CLANG_WARN_BLOCK_CAPTURE_AUTORELEASING = YES;
				CLANG_WARN_BOOL_CONVERSION = YES;
				CLANG_WARN_COMMA = YES;
				CLANG_WARN_CONSTANT_CONVERSION = YES;
				CLANG_WARN_EMPTY_BODY = YES;
				CLANG_WARN_ENUM_CONVERSION = YES;
				CLANG_WARN_INT_CONVERSION = YES;
				CLANG_WARN_NON_LITERAL_NULL_CONVERSION = YES;
				CLANG_WARN_OBJC_LITERAL_CONVERSION = YES;
				CLANG_WARN_RANGE_LOOP_ANALYSIS = YES;
				CLANG_WARN_STRICT_PROTOTYPES = YES;
				CLANG_WARN_UNGUARDED_AVAILABILITY = YES_AGGRESSIVE;
				CLANG_WARN_UNREACHABLE_CODE = YES;
				CODE_SIGN_STYLE = Automatic;
				COPY_PHASE_STRIP = NO;
				DEBUG_INFORMATION_FORMAT = "dwarf-with-dsym";
				ENABLE_NS_ASSERTIONS = NO;
				GCC_C_LANGUAGE_STANDARD = gnu11;
				GCC_NO_COMMON_BLOCKS = YES;
				GCC_WARN_64_TO_32_BIT_CONVERSION = YES;
				GCC_WARN_ABOUT_RETURN_TYPE = YES_ERROR;
				GCC_WARN_UNINITIALIZED_AUTOS = YES_AGGRESSIVE;
				GCC_WARN_UNUSED_FUNCTION = YES;
				GCC_WARN_UNUSED_VARIABLE = YES;
				HEADER_SEARCH_PATHS = "$(PROJECT_DIR)";
				LIBRARY_SEARCH_PATHS = (
					"$(inherited)",
					"$(PROJECT_DIR)/external/glfw",
					"$(PROJECT_DIR)/external/turbojpeg",
				);
				MACOSX_DEPLOYMENT_TARGET = 10.12;
				PRODUCT_NAME = "$(TARGET_NAME)";
				SDKROOT = macosx;
			};
			name = Release;
		};
		949708441F52E04A00BC9C22 /* Debug */ = {
			isa = XCBuildConfiguration;
			baseConfigurationReference = 94B8A6181F52E083008CBD18 /* Freenect2.xcconfig */;
			buildSettings = {
				CLANG_ANALYZER_NONNULL = YES;
				CLANG_ANALYZER_NUMBER_OBJECT_CONVERSION = YES_AGGRESSIVE;
				CLANG_CXX_LANGUAGE_STANDARD = "gnu++0x";
				CLANG_CXX_LIBRARY = "libc++";
				CLANG_WARN_DIRECT_OBJC_ISA_USAGE = YES_ERROR;
				CLANG_WARN_DOCUMENTATION_COMMENTS = NO;
				CLANG_WARN_INFINITE_RECURSION = YES;
				CLANG_WARN_OBJC_ROOT_CLASS = YES_ERROR;
				CLANG_WARN_SUSPICIOUS_MOVE = YES;
				CLANG_WARN_UNREACHABLE_CODE = YES_AGGRESSIVE;
				CLANG_WARN__DUPLICATE_METHOD_MATCH = YES;
				CODE_SIGN_IDENTITY = "-";
				ENABLE_STRICT_OBJC_MSGSEND = YES;
				GCC_C_LANGUAGE_STANDARD = gnu99;
				GCC_WARN_UNDECLARED_SELECTOR = YES;
				MTL_ENABLE_DEBUG_INFO = YES;
				SDKROOT = macosx;
			};
			name = Debug;
		};
		949708451F52E04A00BC9C22 /* Release */ = {
			isa = XCBuildConfiguration;
			baseConfigurationReference = 94B8A6181F52E083008CBD18 /* Freenect2.xcconfig */;
			buildSettings = {
				CLANG_ANALYZER_NONNULL = YES;
				CLANG_ANALYZER_NUMBER_OBJECT_CONVERSION = YES_AGGRESSIVE;
				CLANG_CXX_LANGUAGE_STANDARD = "gnu++0x";
				CLANG_CXX_LIBRARY = "libc++";
				CLANG_WARN_DIRECT_OBJC_ISA_USAGE = YES_ERROR;
				CLANG_WARN_DOCUMENTATION_COMMENTS = NO;
				CLANG_WARN_INFINITE_RECURSION = YES;
				CLANG_WARN_OBJC_ROOT_CLASS = YES_ERROR;
				CLANG_WARN_SUSPICIOUS_MOVE = YES;
				CLANG_WARN_UNREACHABLE_CODE = YES_AGGRESSIVE;
				CLANG_WARN__DUPLICATE_METHOD_MATCH = YES;
				CODE_SIGN_IDENTITY = "-";
				ENABLE_STRICT_OBJC_MSGSEND = YES;
				GCC_C_LANGUAGE_STANDARD = gnu99;
				GCC_WARN_UNDECLARED_SELECTOR = YES;
				MTL_ENABLE_DEBUG_INFO = NO;
				SDKROOT = macosx;
			};
			name = Release;
		};
		949708471F52E04A00BC9C22 /* Debug */ = {
			isa = XCBuildConfiguration;
			buildSettings = {
				DYLIB_INSTALL_NAME_BASE = "@executable_path";
				EXECUTABLE_PREFIX = lib;
				HEADER_SEARCH_PATHS = "$(PROJECT_DIR)";
				LIBRARY_SEARCH_PATHS = (
					"$(inherited)",
					"$(PROJECT_DIR)/external/libusb",
					"$(PROJECT_DIR)/external/turbojpeg",
				);
				PRODUCT_NAME = "$(TARGET_NAME)";
			};
			name = Debug;
		};
		949708481F52E04A00BC9C22 /* Release */ = {
			isa = XCBuildConfiguration;
			buildSettings = {
				DYLIB_INSTALL_NAME_BASE = "@executable_path";
				EXECUTABLE_PREFIX = lib;
				HEADER_SEARCH_PATHS = "$(PROJECT_DIR)";
				LIBRARY_SEARCH_PATHS = (
					"$(inherited)",
					"$(PROJECT_DIR)/external/libusb",
					"$(PROJECT_DIR)/external/turbojpeg",
				);
				PRODUCT_NAME = "$(TARGET_NAME)";
			};
			name = Release;
		};
/* End XCBuildConfiguration section */

/* Begin XCConfigurationList section */
		946014461F8D231E008F88C6 /* Build configuration list for PBXNativeTarget "protonect" */ = {
			isa = XCConfigurationList;
			buildConfigurations = (
				946014471F8D231E008F88C6 /* Debug */,
				946014481F8D231E008F88C6 /* Release */,
			);
			defaultConfigurationIsVisible = 0;
			defaultConfigurationName = Release;
		};
		9497083D1F52E04A00BC9C22 /* Build configuration list for PBXProject "Freenect2" */ = {
			isa = XCConfigurationList;
			buildConfigurations = (
				949708441F52E04A00BC9C22 /* Debug */,
				949708451F52E04A00BC9C22 /* Release */,
			);
			defaultConfigurationIsVisible = 0;
			defaultConfigurationName = Release;
		};
		949708461F52E04A00BC9C22 /* Build configuration list for PBXNativeTarget "Freenect2" */ = {
			isa = XCConfigurationList;
			buildConfigurations = (
				949708471F52E04A00BC9C22 /* Debug */,
				949708481F52E04A00BC9C22 /* Release */,
			);
			defaultConfigurationIsVisible = 0;
			defaultConfigurationName = Release;
		};
/* End XCConfigurationList section */
	};
	rootObject = 9497083A1F52E04A00BC9C22 /* Project object */;
}
